
Microsoft Visual Studio Solution File, Format Version 12.00
# Visual Studio Version 16
VisualStudioVersion = 16.0.31402.337
MinimumVisualStudioVersion = 10.0.40219.1
Project("{9A19103F-16F7-4668-BE54-9A1E7A4F7556}") = "TrackerUI", "TrackerUI\TrackerUI.csproj", "{58F939F9-43D1-4F10-9B79-BF9221F10358}"
EndProject
Project("{9A19103F-16F7-4668-BE54-9A1E7A4F7556}") = "TrackerLibrary", "TrackerLibrary\TrackerLibrary.csproj", "{75F0D70D-D2C7-4146-97D5-F88EE9168BDB}"
EndProject
Global
	GlobalSection(SolutionConfigurationPlatforms) = preSolution
		Debug|Any CPU = Debug|Any CPU
		Release|Any CPU = Release|Any CPU
	EndGlobalSection
	GlobalSection(ProjectConfigurationPlatforms) = postSolution
		{58F939F9-43D1-4F10-9B79-BF9221F10358}.Debug|Any CPU.ActiveCfg = Debug|Any CPU
		{58F939F9-43D1-4F10-9B79-BF9221F10358}.Debug|Any CPU.Build.0 = Debug|Any CPU
		{58F939F9-43D1-4F10-9B79-BF9221F10358}.Release|Any CPU.ActiveCfg = Release|Any CPU
		{58F939F9-43D1-4F10-9B79-BF9221F10358}.Release|Any CPU.Build.0 = Release|Any CPU
		{75F0D70D-D2C7-4146-97D5-F88EE9168BDB}.Debug|Any CPU.ActiveCfg = Debug|Any CPU
		{75F0D70D-D2C7-4146-97D5-F88EE9168BDB}.Debug|Any CPU.Build.0 = Debug|Any CPU
		{75F0D70D-D2C7-4146-97D5-F88EE9168BDB}.Release|Any CPU.ActiveCfg = Release|Any CPU
		{75F0D70D-D2C7-4146-97D5-F88EE9168BDB}.Release|Any CPU.Build.0 = Release|Any CPU
	EndGlobalSection
	GlobalSection(SolutionProperties) = preSolution
		HideSolutionNode = FALSE
	EndGlobalSection
	GlobalSection(ExtensibilityGlobals) = postSolution
		SolutionGuid = {AE5611F1-BBCF-443D-B2C5-EBDDF1707A31}
	EndGlobalSection
EndGlobal
